
Microsoft Visual Studio Solution File, Format Version 12.00
# Visual Studio 15
VisualStudioVersion = 15.0.28307.136
MinimumVisualStudioVersion = 10.0.40219.1
Project("{FAE04EC0-301F-11D3-BF4B-00C04F79EFBC}") = "GrubbrrDocker", "GrubbrrDocker\GrubbrrDocker.csproj", "{D2CE65BC-6F1F-4A93-8D22-33902BF7ABC4}"
EndProject
Project("{E53339B2-1760-4266-BCC7-CA923CBCF16C}") = "docker-compose", "docker-compose.dcproj", "{35F823C3-8CBC-410C-977D-3B46296C54EE}"
EndProject
Global
	GlobalSection(SolutionConfigurationPlatforms) = preSolution
		Debug|Any CPU = Debug|Any CPU
		Release|Any CPU = Release|Any CPU
	EndGlobalSection
	GlobalSection(ProjectConfigurationPlatforms) = postSolution
		{D2CE65BC-6F1F-4A93-8D22-33902BF7ABC4}.Debug|Any CPU.ActiveCfg = Debug|Any CPU
		{D2CE65BC-6F1F-4A93-8D22-33902BF7ABC4}.Debug|Any CPU.Build.0 = Debug|Any CPU
		{D2CE65BC-6F1F-4A93-8D22-33902BF7ABC4}.Release|Any CPU.ActiveCfg = Release|Any CPU
		{D2CE65BC-6F1F-4A93-8D22-33902BF7ABC4}.Release|Any CPU.Build.0 = Release|Any CPU
		{35F823C3-8CBC-410C-977D-3B46296C54EE}.Debug|Any CPU.ActiveCfg = Debug|Any CPU
		{35F823C3-8CBC-410C-977D-3B46296C54EE}.Debug|Any CPU.Build.0 = Debug|Any CPU
		{35F823C3-8CBC-410C-977D-3B46296C54EE}.Release|Any CPU.ActiveCfg = Release|Any CPU
		{35F823C3-8CBC-410C-977D-3B46296C54EE}.Release|Any CPU.Build.0 = Release|Any CPU
	EndGlobalSection
	GlobalSection(SolutionProperties) = preSolution
		HideSolutionNode = FALSE
	EndGlobalSection
	GlobalSection(ExtensibilityGlobals) = postSolution
		SolutionGuid = {3CDC4B66-CDFA-4CA7-B0D5-5D9C75B3FCC2}
	EndGlobalSection
EndGlobal
